
Microsoft Visual Studio Solution File, Format Version 12.00
# Visual Studio Version 17
VisualStudioVersion = 17.0.31903.59
MinimumVisualStudioVersion = 10.0.40219.1
Project("{FAE04EC0-301F-11D3-BF4B-00C04F79EFBC}") = "ClasseInterna", "ClasseInterna\ClasseInterna.csproj", "{CF090D49-3F6F-4BF1-B70F-3B68F60FD77B}"
EndProject
Project("{FAE04EC0-301F-11D3-BF4B-00C04F79EFBC}") = "ClasseParcial", "ClasseParcial\ClasseParcial.csproj", "{4A994ABE-2776-4F1B-B34F-0896C5DC05B3}"
EndProject
Project("{FAE04EC0-301F-11D3-BF4B-00C04F79EFBC}") = "MetodoParcial", "MetodoParcial\MetodoParcial.csproj", "{3720B4AF-B085-4AE9-8638-5A15A2FF933E}"
EndProject
Project("{FAE04EC0-301F-11D3-BF4B-00C04F79EFBC}") = "ClasseAbstrata", "ClasseAbstrata\ClasseAbstrata.csproj", "{FD01AFF3-0FD3-44D6-8272-6111F1494F74}"
EndProject
Project("{FAE04EC0-301F-11D3-BF4B-00C04F79EFBC}") = "MetodoAbstrato", "MetodoAbstrato\MetodoAbstrato.csproj", "{4313D26E-BC79-46BE-8097-AE6CDC2BCF75}"
EndProject
Project("{FAE04EC0-301F-11D3-BF4B-00C04F79EFBC}") = "PropriedadeAbstrata", "PropriedadeAbstrata\PropriedadeAbstrata.csproj", "{3B7F3EFA-6995-4040-BCDF-491C36CDFC4B}"
EndProject
Project("{FAE04EC0-301F-11D3-BF4B-00C04F79EFBC}") = "_Interface", "_Interface\_Interface.csproj", "{B280B083-E181-4377-B251-808DD12C8B6B}"
EndProject
Global
	GlobalSection(SolutionConfigurationPlatforms) = preSolution
		Debug|Any CPU = Debug|Any CPU
		Release|Any CPU = Release|Any CPU
	EndGlobalSection
	GlobalSection(SolutionProperties) = preSolution
		HideSolutionNode = FALSE
	EndGlobalSection
	GlobalSection(ProjectConfigurationPlatforms) = postSolution
		{CF090D49-3F6F-4BF1-B70F-3B68F60FD77B}.Debug|Any CPU.ActiveCfg = Debug|Any CPU
		{CF090D49-3F6F-4BF1-B70F-3B68F60FD77B}.Debug|Any CPU.Build.0 = Debug|Any CPU
		{CF090D49-3F6F-4BF1-B70F-3B68F60FD77B}.Release|Any CPU.ActiveCfg = Release|Any CPU
		{CF090D49-3F6F-4BF1-B70F-3B68F60FD77B}.Release|Any CPU.Build.0 = Release|Any CPU
		{4A994ABE-2776-4F1B-B34F-0896C5DC05B3}.Debug|Any CPU.ActiveCfg = Debug|Any CPU
		{4A994ABE-2776-4F1B-B34F-0896C5DC05B3}.Debug|Any CPU.Build.0 = Debug|Any CPU
		{4A994ABE-2776-4F1B-B34F-0896C5DC05B3}.Release|Any CPU.ActiveCfg = Release|Any CPU
		{4A994ABE-2776-4F1B-B34F-0896C5DC05B3}.Release|Any CPU.Build.0 = Release|Any CPU
		{3720B4AF-B085-4AE9-8638-5A15A2FF933E}.Debug|Any CPU.ActiveCfg = Debug|Any CPU
		{3720B4AF-B085-4AE9-8638-5A15A2FF933E}.Debug|Any CPU.Build.0 = Debug|Any CPU
		{3720B4AF-B085-4AE9-8638-5A15A2FF933E}.Release|Any CPU.ActiveCfg = Release|Any CPU
		{3720B4AF-B085-4AE9-8638-5A15A2FF933E}.Release|Any CPU.Build.0 = Release|Any CPU
		{FD01AFF3-0FD3-44D6-8272-6111F1494F74}.Debug|Any CPU.ActiveCfg = Debug|Any CPU
		{FD01AFF3-0FD3-44D6-8272-6111F1494F74}.Debug|Any CPU.Build.0 = Debug|Any CPU
		{FD01AFF3-0FD3-44D6-8272-6111F1494F74}.Release|Any CPU.ActiveCfg = Release|Any CPU
		{FD01AFF3-0FD3-44D6-8272-6111F1494F74}.Release|Any CPU.Build.0 = Release|Any CPU
		{4313D26E-BC79-46BE-8097-AE6CDC2BCF75}.Debug|Any CPU.ActiveCfg = Debug|Any CPU
		{4313D26E-BC79-46BE-8097-AE6CDC2BCF75}.Debug|Any CPU.Build.0 = Debug|Any CPU
		{4313D26E-BC79-46BE-8097-AE6CDC2BCF75}.Release|Any CPU.ActiveCfg = Release|Any CPU
		{4313D26E-BC79-46BE-8097-AE6CDC2BCF75}.Release|Any CPU.Build.0 = Release|Any CPU
		{3B7F3EFA-6995-4040-BCDF-491C36CDFC4B}.Debug|Any CPU.ActiveCfg = Debug|Any CPU
		{3B7F3EFA-6995-4040-BCDF-491C36CDFC4B}.Debug|Any CPU.Build.0 = Debug|Any CPU
		{3B7F3EFA-6995-4040-BCDF-491C36CDFC4B}.Release|Any CPU.ActiveCfg = Release|Any CPU
		{3B7F3EFA-6995-4040-BCDF-491C36CDFC4B}.Release|Any CPU.Build.0 = Release|Any CPU
		{B280B083-E181-4377-B251-808DD12C8B6B}.Debug|Any CPU.ActiveCfg = Debug|Any CPU
		{B280B083-E181-4377-B251-808DD12C8B6B}.Debug|Any CPU.Build.0 = Debug|Any CPU
		{B280B083-E181-4377-B251-808DD12C8B6B}.Release|Any CPU.ActiveCfg = Release|Any CPU
		{B280B083-E181-4377-B251-808DD12C8B6B}.Release|Any CPU.Build.0 = Release|Any CPU
	EndGlobalSection
EndGlobal
