
Microsoft Visual Studio Solution File, Format Version 12.00
# Visual Studio Version 17
VisualStudioVersion = 17.0.31903.59
MinimumVisualStudioVersion = 10.0.40219.1
Project("{FAE04EC0-301F-11D3-BF4B-00C04F79EFBC}") = "01_Linq", "01_Linq\01_Linq.csproj", "{C3152D16-8F39-4047-820E-F7B0CA2C7858}"
EndProject
Project("{FAE04EC0-301F-11D3-BF4B-00C04F79EFBC}") = "02_Linq", "02_Linq\02_Linq.csproj", "{245C6CAD-01A7-472B-A8D2-991948B1C132}"
EndProject
Project("{FAE04EC0-301F-11D3-BF4B-00C04F79EFBC}") = "03_Linq_Join", "03_Linq_Join\03_Linq_Join.csproj", "{84A13CD3-CE2D-41AD-8050-E2DAD1E5F945}"
EndProject
Project("{FAE04EC0-301F-11D3-BF4B-00C04F79EFBC}") = "04_Linq_Group", "04_Linq_Group\04_Linq_Group.csproj", "{EBEC34B7-9C54-4E15-AA35-092F987C30EC}"
EndProject
Global
	GlobalSection(SolutionConfigurationPlatforms) = preSolution
		Debug|Any CPU = Debug|Any CPU
		Release|Any CPU = Release|Any CPU
	EndGlobalSection
	GlobalSection(SolutionProperties) = preSolution
		HideSolutionNode = FALSE
	EndGlobalSection
	GlobalSection(ProjectConfigurationPlatforms) = postSolution
		{C3152D16-8F39-4047-820E-F7B0CA2C7858}.Debug|Any CPU.ActiveCfg = Debug|Any CPU
		{C3152D16-8F39-4047-820E-F7B0CA2C7858}.Debug|Any CPU.Build.0 = Debug|Any CPU
		{C3152D16-8F39-4047-820E-F7B0CA2C7858}.Release|Any CPU.ActiveCfg = Release|Any CPU
		{C3152D16-8F39-4047-820E-F7B0CA2C7858}.Release|Any CPU.Build.0 = Release|Any CPU
		{245C6CAD-01A7-472B-A8D2-991948B1C132}.Debug|Any CPU.ActiveCfg = Debug|Any CPU
		{245C6CAD-01A7-472B-A8D2-991948B1C132}.Debug|Any CPU.Build.0 = Debug|Any CPU
		{245C6CAD-01A7-472B-A8D2-991948B1C132}.Release|Any CPU.ActiveCfg = Release|Any CPU
		{245C6CAD-01A7-472B-A8D2-991948B1C132}.Release|Any CPU.Build.0 = Release|Any CPU
		{84A13CD3-CE2D-41AD-8050-E2DAD1E5F945}.Debug|Any CPU.ActiveCfg = Debug|Any CPU
		{84A13CD3-CE2D-41AD-8050-E2DAD1E5F945}.Debug|Any CPU.Build.0 = Debug|Any CPU
		{84A13CD3-CE2D-41AD-8050-E2DAD1E5F945}.Release|Any CPU.ActiveCfg = Release|Any CPU
		{84A13CD3-CE2D-41AD-8050-E2DAD1E5F945}.Release|Any CPU.Build.0 = Release|Any CPU
		{EBEC34B7-9C54-4E15-AA35-092F987C30EC}.Debug|Any CPU.ActiveCfg = Debug|Any CPU
		{EBEC34B7-9C54-4E15-AA35-092F987C30EC}.Debug|Any CPU.Build.0 = Debug|Any CPU
		{EBEC34B7-9C54-4E15-AA35-092F987C30EC}.Release|Any CPU.ActiveCfg = Release|Any CPU
		{EBEC34B7-9C54-4E15-AA35-092F987C30EC}.Release|Any CPU.Build.0 = Release|Any CPU
	EndGlobalSection
EndGlobal
