
Microsoft Visual Studio Solution File, Format Version 12.00
# Visual Studio Version 17
VisualStudioVersion = 17.0.31903.59
MinimumVisualStudioVersion = 10.0.40219.1
Project("{FAE04EC0-301F-11D3-BF4B-00C04F79EFBC}") = "Estruturas", "Estruturas\Estruturas.csproj", "{48B4C58C-45D7-4C50-AD29-BAE3F0789E5C}"
EndProject
Project("{FAE04EC0-301F-11D3-BF4B-00C04F79EFBC}") = "Estrutura", "Estrutura\Estrutura.csproj", "{637EEDCA-9618-4DC3-A45F-7B5704CB3120}"
EndProject
Global
	GlobalSection(SolutionConfigurationPlatforms) = preSolution
		Debug|Any CPU = Debug|Any CPU
		Release|Any CPU = Release|Any CPU
	EndGlobalSection
	GlobalSection(SolutionProperties) = preSolution
		HideSolutionNode = FALSE
	EndGlobalSection
	GlobalSection(ProjectConfigurationPlatforms) = postSolution
		{2F8200D4-4719-4EF6-A10A-B1598850772C}.Debug|Any CPU.ActiveCfg = Debug|Any CPU
		{2F8200D4-4719-4EF6-A10A-B1598850772C}.Debug|Any CPU.Build.0 = Debug|Any CPU
		{2F8200D4-4719-4EF6-A10A-B1598850772C}.Release|Any CPU.ActiveCfg = Release|Any CPU
		{2F8200D4-4719-4EF6-A10A-B1598850772C}.Release|Any CPU.Build.0 = Release|Any CPU
		{F348DD6E-36DB-4CA8-8AD2-4540E21A6324}.Debug|Any CPU.ActiveCfg = Debug|Any CPU
		{F348DD6E-36DB-4CA8-8AD2-4540E21A6324}.Debug|Any CPU.Build.0 = Debug|Any CPU
		{F348DD6E-36DB-4CA8-8AD2-4540E21A6324}.Release|Any CPU.ActiveCfg = Release|Any CPU
		{F348DD6E-36DB-4CA8-8AD2-4540E21A6324}.Release|Any CPU.Build.0 = Release|Any CPU
		{48B4C58C-45D7-4C50-AD29-BAE3F0789E5C}.Debug|Any CPU.ActiveCfg = Debug|Any CPU
		{48B4C58C-45D7-4C50-AD29-BAE3F0789E5C}.Debug|Any CPU.Build.0 = Debug|Any CPU
		{48B4C58C-45D7-4C50-AD29-BAE3F0789E5C}.Release|Any CPU.ActiveCfg = Release|Any CPU
		{48B4C58C-45D7-4C50-AD29-BAE3F0789E5C}.Release|Any CPU.Build.0 = Release|Any CPU
		{637EEDCA-9618-4DC3-A45F-7B5704CB3120}.Debug|Any CPU.ActiveCfg = Debug|Any CPU
		{637EEDCA-9618-4DC3-A45F-7B5704CB3120}.Debug|Any CPU.Build.0 = Debug|Any CPU
		{637EEDCA-9618-4DC3-A45F-7B5704CB3120}.Release|Any CPU.ActiveCfg = Release|Any CPU
		{637EEDCA-9618-4DC3-A45F-7B5704CB3120}.Release|Any CPU.Build.0 = Release|Any CPU
	EndGlobalSection
EndGlobal
