
Microsoft Visual Studio Solution File, Format Version 12.00
# Visual Studio Version 17
VisualStudioVersion = 17.0.31903.59
MinimumVisualStudioVersion = 10.0.40219.1
Project("{FAE04EC0-301F-11D3-BF4B-00C04F79EFBC}") = "00_Biblioteca", "00_Biblioteca\00_Biblioteca.csproj", "{7FB865FE-4280-414C-A759-D1848B24E92A}"
EndProject
Project("{FAE04EC0-301F-11D3-BF4B-00C04F79EFBC}") = "01_SerializarXML", "01_SerializarXML\01_SerializarXML.csproj", "{FC42A0F6-8A58-4845-A583-D3DB8D7376A4}"
EndProject
Project("{FAE04EC0-301F-11D3-BF4B-00C04F79EFBC}") = "02_DeserializarXML", "02_DeserializarXML\02_DeserializarXML.csproj", "{7DB07D8F-0029-446D-BFAB-7E7D1C468D0F}"
EndProject
Global
	GlobalSection(SolutionConfigurationPlatforms) = preSolution
		Debug|Any CPU = Debug|Any CPU
		Release|Any CPU = Release|Any CPU
	EndGlobalSection
	GlobalSection(SolutionProperties) = preSolution
		HideSolutionNode = FALSE
	EndGlobalSection
	GlobalSection(ProjectConfigurationPlatforms) = postSolution
		{7FB865FE-4280-414C-A759-D1848B24E92A}.Debug|Any CPU.ActiveCfg = Debug|Any CPU
		{7FB865FE-4280-414C-A759-D1848B24E92A}.Debug|Any CPU.Build.0 = Debug|Any CPU
		{7FB865FE-4280-414C-A759-D1848B24E92A}.Release|Any CPU.ActiveCfg = Release|Any CPU
		{7FB865FE-4280-414C-A759-D1848B24E92A}.Release|Any CPU.Build.0 = Release|Any CPU
		{FC42A0F6-8A58-4845-A583-D3DB8D7376A4}.Debug|Any CPU.ActiveCfg = Debug|Any CPU
		{FC42A0F6-8A58-4845-A583-D3DB8D7376A4}.Debug|Any CPU.Build.0 = Debug|Any CPU
		{FC42A0F6-8A58-4845-A583-D3DB8D7376A4}.Release|Any CPU.ActiveCfg = Release|Any CPU
		{FC42A0F6-8A58-4845-A583-D3DB8D7376A4}.Release|Any CPU.Build.0 = Release|Any CPU
		{7DB07D8F-0029-446D-BFAB-7E7D1C468D0F}.Debug|Any CPU.ActiveCfg = Debug|Any CPU
		{7DB07D8F-0029-446D-BFAB-7E7D1C468D0F}.Debug|Any CPU.Build.0 = Debug|Any CPU
		{7DB07D8F-0029-446D-BFAB-7E7D1C468D0F}.Release|Any CPU.ActiveCfg = Release|Any CPU
		{7DB07D8F-0029-446D-BFAB-7E7D1C468D0F}.Release|Any CPU.Build.0 = Release|Any CPU
	EndGlobalSection
EndGlobal
