
Microsoft Visual Studio Solution File, Format Version 12.00
# Visual Studio Version 17
VisualStudioVersion = 17.0.31903.59
MinimumVisualStudioVersion = 10.0.40219.1
Project("{FAE04EC0-301F-11D3-BF4B-00C04F79EFBC}") = "Execoes", "Execoes\Execoes.csproj", "{33536A41-DF6F-46A1-8EC3-550FDEBFDCDE}"
EndProject
Project("{FAE04EC0-301F-11D3-BF4B-00C04F79EFBC}") = "TratandoException", "TratandoException\TratandoException.csproj", "{6507CD50-D9E0-4B6D-A61A-414CFB4F7F1E}"
EndProject
Project("{FAE04EC0-301F-11D3-BF4B-00C04F79EFBC}") = "CustomizarException", "CustomizarException\CustomizarException.csproj", "{9F23915F-3AD3-457C-A59F-C2D03B893639}"
EndProject
Global
	GlobalSection(SolutionConfigurationPlatforms) = preSolution
		Debug|Any CPU = Debug|Any CPU
		Release|Any CPU = Release|Any CPU
	EndGlobalSection
	GlobalSection(SolutionProperties) = preSolution
		HideSolutionNode = FALSE
	EndGlobalSection
	GlobalSection(ProjectConfigurationPlatforms) = postSolution
		{33536A41-DF6F-46A1-8EC3-550FDEBFDCDE}.Debug|Any CPU.ActiveCfg = Debug|Any CPU
		{33536A41-DF6F-46A1-8EC3-550FDEBFDCDE}.Debug|Any CPU.Build.0 = Debug|Any CPU
		{33536A41-DF6F-46A1-8EC3-550FDEBFDCDE}.Release|Any CPU.ActiveCfg = Release|Any CPU
		{33536A41-DF6F-46A1-8EC3-550FDEBFDCDE}.Release|Any CPU.Build.0 = Release|Any CPU
		{6507CD50-D9E0-4B6D-A61A-414CFB4F7F1E}.Debug|Any CPU.ActiveCfg = Debug|Any CPU
		{6507CD50-D9E0-4B6D-A61A-414CFB4F7F1E}.Debug|Any CPU.Build.0 = Debug|Any CPU
		{6507CD50-D9E0-4B6D-A61A-414CFB4F7F1E}.Release|Any CPU.ActiveCfg = Release|Any CPU
		{6507CD50-D9E0-4B6D-A61A-414CFB4F7F1E}.Release|Any CPU.Build.0 = Release|Any CPU
		{9F23915F-3AD3-457C-A59F-C2D03B893639}.Debug|Any CPU.ActiveCfg = Debug|Any CPU
		{9F23915F-3AD3-457C-A59F-C2D03B893639}.Debug|Any CPU.Build.0 = Debug|Any CPU
		{9F23915F-3AD3-457C-A59F-C2D03B893639}.Release|Any CPU.ActiveCfg = Release|Any CPU
		{9F23915F-3AD3-457C-A59F-C2D03B893639}.Release|Any CPU.Build.0 = Release|Any CPU
	EndGlobalSection
EndGlobal
