Microsoft Visual Studio Solution File, Format Version 12.00
# Visual Studio Version 17
VisualStudioVersion = 17.5.2.0
MinimumVisualStudioVersion = 10.0.40219.1
Project("{FAE04EC0-301F-11D3-BF4B-00C04F79EFBC}") = "ClasseInterna", "ClasseInterna.csproj", "{BE72C607-BE0A-F407-3F2A-89DBF92B8C15}"
EndProject
Global
	GlobalSection(SolutionConfigurationPlatforms) = preSolution
		Debug|Any CPU = Debug|Any CPU
		Release|Any CPU = Release|Any CPU
	EndGlobalSection
	GlobalSection(ProjectConfigurationPlatforms) = postSolution
		{BE72C607-BE0A-F407-3F2A-89DBF92B8C15}.Debug|Any CPU.ActiveCfg = Debug|Any CPU
		{BE72C607-BE0A-F407-3F2A-89DBF92B8C15}.Debug|Any CPU.Build.0 = Debug|Any CPU
		{BE72C607-BE0A-F407-3F2A-89DBF92B8C15}.Release|Any CPU.ActiveCfg = Release|Any CPU
		{BE72C607-BE0A-F407-3F2A-89DBF92B8C15}.Release|Any CPU.Build.0 = Release|Any CPU
	EndGlobalSection
	GlobalSection(SolutionProperties) = preSolution
		HideSolutionNode = FALSE
	EndGlobalSection
	GlobalSection(ExtensibilityGlobals) = postSolution
		SolutionGuid = {C482694E-4F03-4AA3-8E57-5478421BF000}
	EndGlobalSection
EndGlobal
